
Microsoft Visual Studio Solution File, Format Version 12.00
# Visual Studio Version 17
VisualStudioVersion = 17.9.34723.18
MinimumVisualStudioVersion = 10.0.40219.1
Project("{9A19103F-16F7-4668-BE54-9A1E7A4F7556}") = "Bader.Edge.ModuleHost", "src\ModuleHost\Bader.Edge.ModuleHost.csproj", "{DC1F3B4E-EAE6-40BF-AE6C-954CB90010BD}"
EndProject
Project("{2150E333-8FDC-42A3-9474-1A3956D46DE8}") = "Solution files", "Solution files", "{9B784EF0-7313-469F-BA8A-7B1B74F37B89}"
	ProjectSection(SolutionItems) = preProject
		.editorconfig = .editorconfig
		.gitattributes = .gitattributes
		.gitignore = .gitignore
		CONTRIBUTING.md = CONTRIBUTING.md
		Directory.Build.props = Directory.Build.props
		Directory.Packages.props = Directory.Packages.props
		global.json = global.json
		LICENSE.md = LICENSE.md
		README.md = README.md
	EndProjectSection
EndProject
Project("{9A19103F-16F7-4668-BE54-9A1E7A4F7556}") = "Bader.Edge.ModuleHost.Tests", "tests\ModuleHost\Bader.Edge.ModuleHost.Tests.csproj", "{407DB8CD-DD7F-4DE0-B158-10BC77F005F4}"
EndProject
Project("{2150E333-8FDC-42A3-9474-1A3956D46DE8}") = "samples", "samples", "{98F8F545-80A4-4D56-8894-9F07CF79DB52}"
EndProject
Project("{9A19103F-16F7-4668-BE54-9A1E7A4F7556}") = "Starter", "samples\starter\Starter.csproj", "{615A6DCA-9698-4C09-94DA-FB8AF43673F2}"
EndProject
Project("{9A19103F-16F7-4668-BE54-9A1E7A4F7556}") = "Bader.Edge.ModuleHost.Mqtt", "src\ModuleHost.Mqtt\Bader.Edge.ModuleHost.Mqtt.csproj", "{4005FBDF-1370-40BF-ADAC-3D4A8B5D8D5B}"
EndProject
Project("{2150E333-8FDC-42A3-9474-1A3956D46DE8}") = "src", "src", "{AB17FA75-69B6-4950-90DA-777CAA157579}"
EndProject
Project("{2150E333-8FDC-42A3-9474-1A3956D46DE8}") = "tests", "tests", "{BC764EE7-475F-44CB-913C-B79E632A0921}"
EndProject
Project("{FAE04EC0-301F-11D3-BF4B-00C04F79EFBC}") = "MqttTest", "src\MqttTest\MqttTest.csproj", "{4C634F9D-7513-4E29-A86E-E4A26F2953F7}"
EndProject
Global
	GlobalSection(SolutionConfigurationPlatforms) = preSolution
		Debug|Any CPU = Debug|Any CPU
		Release|Any CPU = Release|Any CPU
	EndGlobalSection
	GlobalSection(ProjectConfigurationPlatforms) = postSolution
		{DC1F3B4E-EAE6-40BF-AE6C-954CB90010BD}.Debug|Any CPU.ActiveCfg = Debug|Any CPU
		{DC1F3B4E-EAE6-40BF-AE6C-954CB90010BD}.Debug|Any CPU.Build.0 = Debug|Any CPU
		{DC1F3B4E-EAE6-40BF-AE6C-954CB90010BD}.Release|Any CPU.ActiveCfg = Release|Any CPU
		{DC1F3B4E-EAE6-40BF-AE6C-954CB90010BD}.Release|Any CPU.Build.0 = Release|Any CPU
		{407DB8CD-DD7F-4DE0-B158-10BC77F005F4}.Debug|Any CPU.ActiveCfg = Debug|Any CPU
		{407DB8CD-DD7F-4DE0-B158-10BC77F005F4}.Debug|Any CPU.Build.0 = Debug|Any CPU
		{407DB8CD-DD7F-4DE0-B158-10BC77F005F4}.Release|Any CPU.ActiveCfg = Release|Any CPU
		{407DB8CD-DD7F-4DE0-B158-10BC77F005F4}.Release|Any CPU.Build.0 = Release|Any CPU
		{615A6DCA-9698-4C09-94DA-FB8AF43673F2}.Debug|Any CPU.ActiveCfg = Debug|Any CPU
		{615A6DCA-9698-4C09-94DA-FB8AF43673F2}.Debug|Any CPU.Build.0 = Debug|Any CPU
		{615A6DCA-9698-4C09-94DA-FB8AF43673F2}.Release|Any CPU.ActiveCfg = Release|Any CPU
		{615A6DCA-9698-4C09-94DA-FB8AF43673F2}.Release|Any CPU.Build.0 = Release|Any CPU
		{4005FBDF-1370-40BF-ADAC-3D4A8B5D8D5B}.Debug|Any CPU.ActiveCfg = Debug|Any CPU
		{4005FBDF-1370-40BF-ADAC-3D4A8B5D8D5B}.Debug|Any CPU.Build.0 = Debug|Any CPU
		{4005FBDF-1370-40BF-ADAC-3D4A8B5D8D5B}.Release|Any CPU.ActiveCfg = Release|Any CPU
		{4005FBDF-1370-40BF-ADAC-3D4A8B5D8D5B}.Release|Any CPU.Build.0 = Release|Any CPU
		{4C634F9D-7513-4E29-A86E-E4A26F2953F7}.Debug|Any CPU.ActiveCfg = Debug|Any CPU
		{4C634F9D-7513-4E29-A86E-E4A26F2953F7}.Debug|Any CPU.Build.0 = Debug|Any CPU
		{4C634F9D-7513-4E29-A86E-E4A26F2953F7}.Release|Any CPU.ActiveCfg = Release|Any CPU
		{4C634F9D-7513-4E29-A86E-E4A26F2953F7}.Release|Any CPU.Build.0 = Release|Any CPU
	EndGlobalSection
	GlobalSection(SolutionProperties) = preSolution
		HideSolutionNode = FALSE
	EndGlobalSection
	GlobalSection(NestedProjects) = preSolution
		{DC1F3B4E-EAE6-40BF-AE6C-954CB90010BD} = {AB17FA75-69B6-4950-90DA-777CAA157579}
		{407DB8CD-DD7F-4DE0-B158-10BC77F005F4} = {BC764EE7-475F-44CB-913C-B79E632A0921}
		{615A6DCA-9698-4C09-94DA-FB8AF43673F2} = {98F8F545-80A4-4D56-8894-9F07CF79DB52}
		{4005FBDF-1370-40BF-ADAC-3D4A8B5D8D5B} = {AB17FA75-69B6-4950-90DA-777CAA157579}
		{4C634F9D-7513-4E29-A86E-E4A26F2953F7} = {AB17FA75-69B6-4950-90DA-777CAA157579}
	EndGlobalSection
	GlobalSection(ExtensibilityGlobals) = postSolution
		SolutionGuid = {5C933658-1D0C-472E-88B8-ACF84C095F41}
	EndGlobalSection
EndGlobal
